
Microsoft Visual Studio Solution File, Format Version 12.00
# Visual Studio 15
VisualStudioVersion = 15.0.28010.2050
MinimumVisualStudioVersion = 10.0.40219.1
Project("{FAE04EC0-301F-11D3-BF4B-00C04F79EFBC}") = "ExampleWithMethods", "ExampleWithMethods\ExampleWithMethods.csproj", "{BB851F16-BF60-49F8-AC5B-F167C3531B23}"
EndProject
Project("{FAE04EC0-301F-11D3-BF4B-00C04F79EFBC}") = "WebService", "WebService\WebService.csproj", "{0F7067E2-4097-428C-AA4F-40FB179677EC}"
EndProject
Global
	GlobalSection(SolutionConfigurationPlatforms) = preSolution
		Debug|Any CPU = Debug|Any CPU
		Release|Any CPU = Release|Any CPU
	EndGlobalSection
	GlobalSection(ProjectConfigurationPlatforms) = postSolution
		{BB851F16-BF60-49F8-AC5B-F167C3531B23}.Debug|Any CPU.ActiveCfg = Debug|Any CPU
		{BB851F16-BF60-49F8-AC5B-F167C3531B23}.Debug|Any CPU.Build.0 = Debug|Any CPU
		{BB851F16-BF60-49F8-AC5B-F167C3531B23}.Release|Any CPU.ActiveCfg = Release|Any CPU
		{BB851F16-BF60-49F8-AC5B-F167C3531B23}.Release|Any CPU.Build.0 = Release|Any CPU
		{0F7067E2-4097-428C-AA4F-40FB179677EC}.Debug|Any CPU.ActiveCfg = Debug|Any CPU
		{0F7067E2-4097-428C-AA4F-40FB179677EC}.Debug|Any CPU.Build.0 = Debug|Any CPU
		{0F7067E2-4097-428C-AA4F-40FB179677EC}.Release|Any CPU.ActiveCfg = Release|Any CPU
		{0F7067E2-4097-428C-AA4F-40FB179677EC}.Release|Any CPU.Build.0 = Release|Any CPU
	EndGlobalSection
	GlobalSection(SolutionProperties) = preSolution
		HideSolutionNode = FALSE
	EndGlobalSection
	GlobalSection(ExtensibilityGlobals) = postSolution
		SolutionGuid = {0C8716DF-0C9E-4EB9-AE57-BA833191BF94}
	EndGlobalSection
EndGlobal
